
Microsoft Visual Studio Solution File, Format Version 12.00
# Visual Studio Version 17
VisualStudioVersion = 17.0.31919.166
MinimumVisualStudioVersion = 10.0.40219.1
Project("{FAE04EC0-301F-11D3-BF4B-00C04F79EFBC}") = "client-token", "client-token.csproj", "{59BE792C-13EF-4359-837D-E42722B11689}"
EndProject
Global
	GlobalSection(SolutionConfigurationPlatforms) = preSolution
		Debug|Any CPU = Debug|Any CPU
		Release|Any CPU = Release|Any CPU
	EndGlobalSection
	GlobalSection(ProjectConfigurationPlatforms) = postSolution
		{59BE792C-13EF-4359-837D-E42722B11689}.Debug|Any CPU.ActiveCfg = Debug|Any CPU
		{59BE792C-13EF-4359-837D-E42722B11689}.Debug|Any CPU.Build.0 = Debug|Any CPU
		{59BE792C-13EF-4359-837D-E42722B11689}.Release|Any CPU.ActiveCfg = Release|Any CPU
		{59BE792C-13EF-4359-837D-E42722B11689}.Release|Any CPU.Build.0 = Release|Any CPU
	EndGlobalSection
	GlobalSection(SolutionProperties) = preSolution
		HideSolutionNode = FALSE
	EndGlobalSection
	GlobalSection(ExtensibilityGlobals) = postSolution
		SolutionGuid = {55C8AFF7-B8C4-40B8-AB3F-621C379F32ED}
	EndGlobalSection
EndGlobal
